
Microsoft Visual Studio Solution File, Format Version 12.00
# Visual Studio Version 16
VisualStudioVersion = 25.0.1703.7
MinimumVisualStudioVersion = 10.0.40219.1
Project("{FAE04EC0-301F-11D3-BF4B-00C04F79EFBC}") = "CSharpAdvance", "CSharpAdvance.csproj", "{811210BC-155E-459A-8E0A-AD064C691369}"
EndProject
Global
	GlobalSection(SolutionConfigurationPlatforms) = preSolution
		Debug|Any CPU = Debug|Any CPU
		Release|Any CPU = Release|Any CPU
	EndGlobalSection
	GlobalSection(ProjectConfigurationPlatforms) = postSolution
		{811210BC-155E-459A-8E0A-AD064C691369}.Debug|Any CPU.ActiveCfg = Debug|Any CPU
		{811210BC-155E-459A-8E0A-AD064C691369}.Debug|Any CPU.Build.0 = Debug|Any CPU
		{811210BC-155E-459A-8E0A-AD064C691369}.Release|Any CPU.ActiveCfg = Release|Any CPU
		{811210BC-155E-459A-8E0A-AD064C691369}.Release|Any CPU.Build.0 = Release|Any CPU
	EndGlobalSection
	GlobalSection(SolutionProperties) = preSolution
		HideSolutionNode = FALSE
	EndGlobalSection
	GlobalSection(ExtensibilityGlobals) = postSolution
		SolutionGuid = {27A0663A-D2A0-4D9E-8651-8B54940D4EA3}
	EndGlobalSection
EndGlobal
